// !$*UTF8*$!
{
	archiveVersion = 1;
	classes = {
	};
	objectVersion = 46;
	objects = {

/* Begin PBXBuildFile section */
		480B806C1F93499A00DE58D8 /* TableViewCell.swift in Sources */ = {isa = PBXBuildFile; fileRef = 480B806A1F93499A00DE58D8 /* TableViewCell.swift */; };
		480B806D1F93499A00DE58D8 /* TableViewCell.xib in Resources */ = {isa = PBXBuildFile; fileRef = 480B806B1F93499A00DE58D8 /* TableViewCell.xib */; };
		480B80841F93640700DE58D8 /* MarketViewController.swift in Sources */ = {isa = PBXBuildFile; fileRef = 480B80831F93640700DE58D8 /* MarketViewController.swift */; };
		48948A8A1F93424300B1F901 /* AppDelegate.swift in Sources */ = {isa = PBXBuildFile; fileRef = 48948A891F93424300B1F901 /* AppDelegate.swift */; };
		48948A8C1F93424300B1F901 /* ViewController.swift in Sources */ = {isa = PBXBuildFile; fileRef = 48948A8B1F93424300B1F901 /* ViewController.swift */; };
		48948A8F1F93424300B1F901 /* Main.storyboard in Resources */ = {isa = PBXBuildFile; fileRef = 48948A8D1F93424300B1F901 /* Main.storyboard */; };
		48948A911F93424300B1F901 /* Assets.xcassets in Resources */ = {isa = PBXBuildFile; fileRef = 48948A901F93424300B1F901 /* Assets.xcassets */; };
		48948A941F93424300B1F901 /* LaunchScreen.storyboard in Resources */ = {isa = PBXBuildFile; fileRef = 48948A921F93424300B1F901 /* LaunchScreen.storyboard */; };
		8487D05E1F95CC1000AA3AE8 /* animal.png in Resources */ = {isa = PBXBuildFile; fileRef = 8487D05B1F95CC1000AA3AE8 /* animal.png */; };
		8487D05F1F95CC1000AA3AE8 /* fruit.png in Resources */ = {isa = PBXBuildFile; fileRef = 8487D05C1F95CC1000AA3AE8 /* fruit.png */; };
		8487D0601F95CC1000AA3AE8 /* vegetable.png in Resources */ = {isa = PBXBuildFile; fileRef = 8487D05D1F95CC1000AA3AE8 /* vegetable.png */; };
/* End PBXBuildFile section */

/* Begin PBXFileReference section */
		480B806A1F93499A00DE58D8 /* TableViewCell.swift */ = {isa = PBXFileReference; fileEncoding = 4; lastKnownFileType = sourcecode.swift; path = TableViewCell.swift; sourceTree = "<group>"; };
		480B806B1F93499A00DE58D8 /* TableViewCell.xib */ = {isa = PBXFileReference; fileEncoding = 4; lastKnownFileType = file.xib; path = TableViewCell.xib; sourceTree = "<group>"; };
		480B80831F93640700DE58D8 /* MarketViewController.swift */ = {isa = PBXFileReference; fileEncoding = 4; lastKnownFileType = sourcecode.swift; path = MarketViewController.swift; sourceTree = "<group>"; };
		48948A861F93424300B1F901 /* HarvestFarm.app */ = {isa = PBXFileReference; explicitFileType = wrapper.application; includeInIndex = 0; path = HarvestFarm.app; sourceTree = BUILT_PRODUCTS_DIR; };
		48948A891F93424300B1F901 /* AppDelegate.swift */ = {isa = PBXFileReference; lastKnownFileType = sourcecode.swift; path = AppDelegate.swift; sourceTree = "<group>"; };
		48948A8B1F93424300B1F901 /* ViewController.swift */ = {isa = PBXFileReference; lastKnownFileType = sourcecode.swift; path = ViewController.swift; sourceTree = "<group>"; };
		48948A8E1F93424300B1F901 /* Base */ = {isa = PBXFileReference; lastKnownFileType = file.storyboard; name = Base; path = Base.lproj/Main.storyboard; sourceTree = "<group>"; };
		48948A901F93424300B1F901 /* Assets.xcassets */ = {isa = PBXFileReference; lastKnownFileType = folder.assetcatalog; path = Assets.xcassets; sourceTree = "<group>"; };
		48948A931F93424300B1F901 /* Base */ = {isa = PBXFileReference; lastKnownFileType = file.storyboard; name = Base; path = Base.lproj/LaunchScreen.storyboard; sourceTree = "<group>"; };
		48948A951F93424300B1F901 /* Info.plist */ = {isa = PBXFileReference; lastKnownFileType = text.plist.xml; path = Info.plist; sourceTree = "<group>"; };
		8487D05B1F95CC1000AA3AE8 /* animal.png */ = {isa = PBXFileReference; lastKnownFileType = image.png; path = animal.png; sourceTree = "<group>"; };
		8487D05C1F95CC1000AA3AE8 /* fruit.png */ = {isa = PBXFileReference; lastKnownFileType = image.png; path = fruit.png; sourceTree = "<group>"; };
		8487D05D1F95CC1000AA3AE8 /* vegetable.png */ = {isa = PBXFileReference; lastKnownFileType = image.png; path = vegetable.png; sourceTree = "<group>"; };
/* End PBXFileReference section */

/* Begin PBXFrameworksBuildPhase section */
		48948A831F93424300B1F901 /* Frameworks */ = {
			isa = PBXFrameworksBuildPhase;
			buildActionMask = 2147483647;
			files = (
			);
			runOnlyForDeploymentPostprocessing = 0;
		};
/* End PBXFrameworksBuildPhase section */

/* Begin PBXGroup section */
		48948A7D1F93424300B1F901 = {
			isa = PBXGroup;
			children = (
				48948A881F93424300B1F901 /* HarvestFarm */,
				48948A871F93424300B1F901 /* Products */,
			);
			sourceTree = "<group>";
		};
		48948A871F93424300B1F901 /* Products */ = {
			isa = PBXGroup;
			children = (
				48948A861F93424300B1F901 /* HarvestFarm.app */,
			);
			name = Products;
			sourceTree = "<group>";
		};
		48948A881F93424300B1F901 /* HarvestFarm */ = {
			isa = PBXGroup;
			children = (
				48948A891F93424300B1F901 /* AppDelegate.swift */,
				48948A8B1F93424300B1F901 /* ViewController.swift */,
				48948A8D1F93424300B1F901 /* Main.storyboard */,
				480B80831F93640700DE58D8 /* MarketViewController.swift */,
				48948A901F93424300B1F901 /* Assets.xcassets */,
				48948A921F93424300B1F901 /* LaunchScreen.storyboard */,
				8487D05B1F95CC1000AA3AE8 /* animal.png */,
				8487D05C1F95CC1000AA3AE8 /* fruit.png */,
				8487D05D1F95CC1000AA3AE8 /* vegetable.png */,
				480B806A1F93499A00DE58D8 /* TableViewCell.swift */,
				480B806B1F93499A00DE58D8 /* TableViewCell.xib */,
				48948A951F93424300B1F901 /* Info.plist */,
			);
			path = HarvestFarm;
			sourceTree = "<group>";
		};
/* End PBXGroup section */

/* Begin PBXNativeTarget section */
		48948A851F93424300B1F901 /* HarvestFarm */ = {
			isa = PBXNativeTarget;
			buildConfigurationList = 48948A981F93424300B1F901 /* Build configuration list for PBXNativeTarget "HarvestFarm" */;
			buildPhases = (
				48948A821F93424300B1F901 /* Sources */,
				48948A831F93424300B1F901 /* Frameworks */,
				48948A841F93424300B1F901 /* Resources */,
			);
			buildRules = (
			);
			dependencies = (
			);
			name = HarvestFarm;
			productName = HarvestFarm;
			productReference = 48948A861F93424300B1F901 /* HarvestFarm.app */;
			productType = "com.apple.product-type.application";
		};
/* End PBXNativeTarget section */

/* Begin PBXProject section */
		48948A7E1F93424300B1F901 /* Project object */ = {
			isa = PBXProject;
			attributes = {
				LastSwiftUpdateCheck = 0830;
				LastUpgradeCheck = 0830;
				ORGANIZATIONNAME = "Alzack Connell";
				TargetAttributes = {
					48948A851F93424300B1F901 = {
						CreatedOnToolsVersion = 8.3.3;
						ProvisioningStyle = Automatic;
					};
				};
			};
			buildConfigurationList = 48948A811F93424300B1F901 /* Build configuration list for PBXProject "HarvestFarm" */;
			compatibilityVersion = "Xcode 3.2";
			developmentRegion = English;
			hasScannedForEncodings = 0;
			knownRegions = (
				en,
				Base,
			);
			mainGroup = 48948A7D1F93424300B1F901;
			productRefGroup = 48948A871F93424300B1F901 /* Products */;
			projectDirPath = "";
			projectRoot = "";
			targets = (
				48948A851F93424300B1F901 /* HarvestFarm */,
			);
		};
/* End PBXProject section */

/* Begin PBXResourcesBuildPhase section */
		48948A841F93424300B1F901 /* Resources */ = {
			isa = PBXResourcesBuildPhase;
			buildActionMask = 2147483647;
			files = (
				48948A941F93424300B1F901 /* LaunchScreen.storyboard in Resources */,
				480B806D1F93499A00DE58D8 /* TableViewCell.xib in Resources */,
				8487D05F1F95CC1000AA3AE8 /* fruit.png in Resources */,
				8487D0601F95CC1000AA3AE8 /* vegetable.png in Resources */,
				8487D05E1F95CC1000AA3AE8 /* animal.png in Resources */,
				48948A911F93424300B1F901 /* Assets.xcassets in Resources */,
				48948A8F1F93424300B1F901 /* Main.storyboard in Resources */,
			);
			runOnlyForDeploymentPostprocessing = 0;
		};
/* End PBXResourcesBuildPhase section */

/* Begin PBXSourcesBuildPhase section */
		48948A821F93424300B1F901 /* Sources */ = {
			isa = PBXSourcesBuildPhase;
			buildActionMask = 2147483647;
			files = (
				480B80841F93640700DE58D8 /* MarketViewController.swift in Sources */,
				48948A8C1F93424300B1F901 /* ViewController.swift in Sources */,
				480B806C1F93499A00DE58D8 /* TableViewCell.swift in Sources */,
				48948A8A1F93424300B1F901 /* AppDelegate.swift in Sources */,
			);
			runOnlyForDeploymentPostprocessing = 0;
		};
/* End PBXSourcesBuildPhase section */

/* Begin PBXVariantGroup section */
		48948A8D1F93424300B1F901 /* Main.storyboard */ = {
			isa = PBXVariantGroup;
			children = (
				48948A8E1F93424300B1F901 /* Base */,
			);
			name = Main.storyboard;
			sourceTree = "<group>";
		};
		48948A921F93424300B1F901 /* LaunchScreen.storyboard */ = {
			isa = PBXVariantGroup;
			children = (
				48948A931F93424300B1F901 /* Base */,
			);
			name = LaunchScreen.storyboard;
			sourceTree = "<group>";
		};
/* End PBXVariantGroup section */

/* Begin XCBuildConfiguration section */
		48948A961F93424300B1F901 /* Debug */ = {
			isa = XCBuildConfiguration;
			buildSettings = {
				ALWAYS_SEARCH_USER_PATHS = NO;
				CLANG_ANALYZER_NONNULL = YES;
				CLANG_ANALYZER_NUMBER_OBJECT_CONVERSION = YES_AGGRESSIVE;
				CLANG_CXX_LANGUAGE_STANDARD = "gnu++0x";
				CLANG_CXX_LIBRARY = "libc++";
				CLANG_ENABLE_MODULES = YES;
				CLANG_ENABLE_OBJC_ARC = YES;
				CLANG_WARN_BOOL_CONVERSION = YES;
				CLANG_WARN_CONSTANT_CONVERSION = YES;
				CLANG_WARN_DIRECT_OBJC_ISA_USAGE = YES_ERROR;
				CLANG_WARN_DOCUMENTATION_COMMENTS = YES;
				CLANG_WARN_EMPTY_BODY = YES;
				CLANG_WARN_ENUM_CONVERSION = YES;
				CLANG_WARN_INFINITE_RECURSION = YES;
				CLANG_WARN_INT_CONVERSION = YES;
				CLANG_WARN_OBJC_ROOT_CLASS = YES_ERROR;
				CLANG_WARN_SUSPICIOUS_MOVE = YES;
				CLANG_WARN_UNREACHABLE_CODE = YES;
				CLANG_WARN__DUPLICATE_METHOD_MATCH = YES;
				"CODE_SIGN_IDENTITY[sdk=iphoneos*]" = "iPhone Developer";
				COPY_PHASE_STRIP = NO;
				DEBUG_INFORMATION_FORMAT = dwarf;
				ENABLE_STRICT_OBJC_MSGSEND = YES;
				ENABLE_TESTABILITY = YES;
				GCC_C_LANGUAGE_STANDARD = gnu99;
				GCC_DYNAMIC_NO_PIC = NO;
				GCC_NO_COMMON_BLOCKS = YES;
				GCC_OPTIMIZATION_LEVEL = 0;
				GCC_PREPROCESSOR_DEFINITIONS = (
					"DEBUG=1",
					"$(inherited)",
				);
				GCC_WARN_64_TO_32_BIT_CONVERSION = YES;
				GCC_WARN_ABOUT_RETURN_TYPE = YES_ERROR;
				GCC_WARN_UNDECLARED_SELECTOR = YES;
				GCC_WARN_UNINITIALIZED_AUTOS = YES_AGGRESSIVE;
				GCC_WARN_UNUSED_FUNCTION = YES;
				GCC_WARN_UNUSED_VARIABLE = YES;
				IPHONEOS_DEPLOYMENT_TARGET = 10.3;
				MTL_ENABLE_DEBUG_INFO = YES;
				ONLY_ACTIVE_ARCH = YES;
				SDKROOT = iphoneos;
				SWIFT_ACTIVE_COMPILATION_CONDITIONS = DEBUG;
				SWIFT_OPTIMIZATION_LEVEL = "-Onone";
				TARGETED_DEVICE_FAMILY = "1,2";
			};
			name = Debug;
		};
		48948A971F93424300B1F901 /* Release */ = {
			isa = XCBuildConfiguration;
			buildSettings = {
				ALWAYS_SEARCH_USER_PATHS = NO;
				CLANG_ANALYZER_NONNULL = YES;
				CLANG_ANALYZER_NUMBER_OBJECT_CONVERSION = YES_AGGRESSIVE;
				CLANG_CXX_LANGUAGE_STANDARD = "gnu++0x";
				CLANG_CXX_LIBRARY = "libc++";
				CLANG_ENABLE_MODULES = YES;
				CLANG_ENABLE_OBJC_ARC = YES;
				CLANG_WARN_BOOL_CONVERSION = YES;
				CLANG_WARN_CONSTANT_CONVERSION = YES;
				CLANG_WARN_DIRECT_OBJC_ISA_USAGE = YES_ERROR;
				CLANG_WARN_DOCUMENTATION_COMMENTS = YES;
				CLANG_WARN_EMPTY_BODY = YES;
				CLANG_WARN_ENUM_CONVERSION = YES;
				CLANG_WARN_INFINITE_RECURSION = YES;
				CLANG_WARN_INT_CONVERSION = YES;
				CLANG_WARN_OBJC_ROOT_CLASS = YES_ERROR;
				CLANG_WARN_SUSPICIOUS_MOVE = YES;
				CLANG_WARN_UNREACHABLE_CODE = YES;
				CLANG_WARN__DUPLICATE_METHOD_MATCH = YES;
				"CODE_SIGN_IDENTITY[sdk=iphoneos*]" = "iPhone Developer";
				COPY_PHASE_STRIP = NO;
				DEBUG_INFORMATION_FORMAT = "dwarf-with-dsym";
				ENABLE_NS_ASSERTIONS = NO;
				ENABLE_STRICT_OBJC_MSGSEND = YES;
				GCC_C_LANGUAGE_STANDARD = gnu99;
				GCC_NO_COMMON_BLOCKS = YES;
				GCC_WARN_64_TO_32_BIT_CONVERSION = YES;
				GCC_WARN_ABOUT_RETURN_TYPE = YES_ERROR;
				GCC_WARN_UNDECLARED_SELECTOR = YES;
				GCC_WARN_UNINITIALIZED_AUTOS = YES_AGGRESSIVE;
				GCC_WARN_UNUSED_FUNCTION = YES;
				GCC_WARN_UNUSED_VARIABLE = YES;
				IPHONEOS_DEPLOYMENT_TARGET = 10.3;
				MTL_ENABLE_DEBUG_INFO = NO;
				SDKROOT = iphoneos;
				SWIFT_OPTIMIZATION_LEVEL = "-Owholemodule";
				TARGETED_DEVICE_FAMILY = "1,2";
				VALIDATE_PRODUCT = YES;
			};
			name = Release;
		};
		48948A991F93424300B1F901 /* Debug */ = {
			isa = XCBuildConfiguration;
			buildSettings = {
				ASSETCATALOG_COMPILER_APPICON_NAME = AppIcon;
				INFOPLIST_FILE = HarvestFarm/Info.plist;
				LD_RUNPATH_SEARCH_PATHS = "$(inherited) @executable_path/Frameworks";
				PRODUCT_BUNDLE_IDENTIFIER = com.wattanuyan.nattaaek.HarvestFarm;
				PRODUCT_NAME = "$(TARGET_NAME)";
				SWIFT_VERSION = 3.0;
			};
			name = Debug;
		};
		48948A9A1F93424300B1F901 /* Release */ = {
			isa = XCBuildConfiguration;
			buildSettings = {
				ASSETCATALOG_COMPILER_APPICON_NAME = AppIcon;
				INFOPLIST_FILE = HarvestFarm/Info.plist;
				LD_RUNPATH_SEARCH_PATHS = "$(inherited) @executable_path/Frameworks";
				PRODUCT_BUNDLE_IDENTIFIER = com.wattanuyan.nattaaek.HarvestFarm;
				PRODUCT_NAME = "$(TARGET_NAME)";
				SWIFT_VERSION = 3.0;
			};
			name = Release;
		};
/* End XCBuildConfiguration section */

/* Begin XCConfigurationList section */
		48948A811F93424300B1F901 /* Build configuration list for PBXProject "HarvestFarm" */ = {
			isa = XCConfigurationList;
			buildConfigurations = (
				48948A961F93424300B1F901 /* Debug */,
				48948A971F93424300B1F901 /* Release */,
			);
			defaultConfigurationIsVisible = 0;
			defaultConfigurationName = Release;
		};
		48948A981F93424300B1F901 /* Build configuration list for PBXNativeTarget "HarvestFarm" */ = {
			isa = XCConfigurationList;
			buildConfigurations = (
				48948A991F93424300B1F901 /* Debug */,
				48948A9A1F93424300B1F901 /* Release */,
			);
			defaultConfigurationIsVisible = 0;
			defaultConfigurationName = Release;
		};
/* End XCConfigurationList section */
	};
	rootObject = 48948A7E1F93424300B1F901 /* Project object */;
}
